
Microsoft Visual Studio Solution File, Format Version 12.00
# Visual Studio Version 16
VisualStudioVersion = 25.0.1703.7
MinimumVisualStudioVersion = 10.0.40219.1
Project("{FAE04EC0-301F-11D3-BF4B-00C04F79EFBC}") = "adventofcode", "adventofcode\adventofcode.csproj", "{90214FE1-E6AB-4198-AC06-E9F402BF9A3E}"
EndProject
Project("{FAE04EC0-301F-11D3-BF4B-00C04F79EFBC}") = "adventofcodetests", "adventofcodetests\adventofcodetests.csproj", "{E97E42DB-D407-4D95-BA5D-1CBAE6C47678}"
EndProject
Global
	GlobalSection(SolutionConfigurationPlatforms) = preSolution
		Debug|Any CPU = Debug|Any CPU
		Release|Any CPU = Release|Any CPU
	EndGlobalSection
	GlobalSection(ProjectConfigurationPlatforms) = postSolution
		{90214FE1-E6AB-4198-AC06-E9F402BF9A3E}.Debug|Any CPU.ActiveCfg = Debug|Any CPU
		{90214FE1-E6AB-4198-AC06-E9F402BF9A3E}.Debug|Any CPU.Build.0 = Debug|Any CPU
		{90214FE1-E6AB-4198-AC06-E9F402BF9A3E}.Release|Any CPU.ActiveCfg = Release|Any CPU
		{90214FE1-E6AB-4198-AC06-E9F402BF9A3E}.Release|Any CPU.Build.0 = Release|Any CPU
		{E97E42DB-D407-4D95-BA5D-1CBAE6C47678}.Debug|Any CPU.ActiveCfg = Debug|Any CPU
		{E97E42DB-D407-4D95-BA5D-1CBAE6C47678}.Debug|Any CPU.Build.0 = Debug|Any CPU
		{E97E42DB-D407-4D95-BA5D-1CBAE6C47678}.Release|Any CPU.ActiveCfg = Release|Any CPU
		{E97E42DB-D407-4D95-BA5D-1CBAE6C47678}.Release|Any CPU.Build.0 = Release|Any CPU
	EndGlobalSection
	GlobalSection(SolutionProperties) = preSolution
		HideSolutionNode = FALSE
	EndGlobalSection
	GlobalSection(ExtensibilityGlobals) = postSolution
		SolutionGuid = {7DFFFB5D-BC6C-43FE-9234-8986F43201CA}
	EndGlobalSection
EndGlobal
